# This file is autogenerated, do not edit; changes may be undone by the next 'dep ensure'.


[[projects]]
  branch = "master"
  name = "github.com/apex/httplog"
  packages = ["."]
  revision = "d677fdf2ae1fa75d8111faf17f2d6fcf46dd9af7"

[[projects]]
  name = "github.com/apex/log"
  packages = [
    ".",
    "handlers/text"
  ]
  revision = "a97903d8456938a31ce3cb7d58ad3f378f951f24"

[[projects]]
  name = "github.com/blendlabs/go-exception"
  packages = ["."]
  revision = "d3934f941cb001f2b61a69b25dbc76eab3e6ff29"

[[projects]]
  name = "github.com/caarlos0/env"
  packages = ["."]
  revision = "0cf029d5748c52beb2c9d20c81880cb4bdf8f788"
  version = "v3.0"

[[projects]]
  name = "github.com/go-redis/cache"
  packages = [
    ".",
    "internal/lrucache",
    "internal/singleflight"
  ]
  revision = "f61934e1350c89509411decb4c1da69d3e345867"
  version = "v6.2.0"

[[projects]]
  name = "github.com/go-redis/redis"
  packages = [
    ".",
    "internal",
    "internal/consistenthash",
    "internal/hashtag",
    "internal/pool",
    "internal/proto"
  ]
  revision = "564772f045d89bd55843d7dc8042e0a599401e09"
  version = "v6.5.2"

[[projects]]
  branch = "master"
  name = "github.com/golang/freetype"
  packages = [
    "raster",
    "truetype"
  ]
  revision = "e2365dfdc4a05e4b8299a783240d4a7d5a65d4e4"

[[projects]]
  name = "github.com/golang/protobuf"
  packages = ["proto"]
  revision = "2bba0603135d7d7f5cb73b2125beeda19c09f4ef"

[[projects]]
  name = "github.com/gorilla/context"
  packages = ["."]
  revision = "08b5f424b9271eedf6f9f0ce86cb9396ed337a42"
  version = "v1.1.1"

[[projects]]
  name = "github.com/gorilla/handlers"
  packages = ["."]
  revision = "a4043c62cc2329bacda331d33fc908ab11ef0ec3"
  version = "v1.2.1"

[[projects]]
  name = "github.com/gorilla/mux"
  packages = ["."]
  revision = "392c28fe23e1c45ddba891b0320b3b5df220beea"
  version = "v1.3.0"

[[projects]]
  name = "github.com/pkg/errors"
  packages = ["."]
  revision = "645ef00459ed84a119197bfb8d8205042c6df63d"
  version = "v0.8.0"

[[projects]]
  name = "github.com/vmihailenco/msgpack"
  packages = ["codes"]
  revision = "d91c9f43689d8565046de42f51a19bb80ebb8360"
  version = "v3.1.0"

[[projects]]
  name = "github.com/wcharczuk/go-chart"
  packages = [
    ".",
    "drawing"
  ]
  revision = "fc2973067ce43455507ea5f9aa9814aabbf8f2ca"
  version = "v2.0"

[[projects]]
  name = "golang.org/x/image"
  packages = [
    "draw",
    "font",
    "math/f64",
    "math/fixed"
  ]
  revision = "426cfd8eeb6e08ab1932954e09e3c2cb2bc6e36d"

[[projects]]
  name = "golang.org/x/net"
  packages = ["context"]
  revision = "ffcf1bedda3b04ebb15a168a59800a73d6dc0f4d"

[[projects]]
  name = "golang.org/x/sync"
  packages = ["errgroup"]
  revision = "5a06fca2c336a4b2b2fcb45702e8c47621b2aa2c"

[[projects]]
  name = "google.golang.org/appengine"
  packages = [
    ".",
    "datastore",
    "internal",
    "internal/app_identity",
    "internal/base",
    "internal/datastore",
    "internal/log",
    "internal/modules",
    "internal/remote_api"
  ]
  revision = "56d253d1dd14aa01937e12c73a0971bcfd797ff2"

[[projects]]
  name = "gopkg.in/vmihailenco/msgpack.v2"
  packages = ["."]
  revision = "d91c9f43689d8565046de42f51a19bb80ebb8360"

[solve-meta]
  analyzer-name = "dep"
  analyzer-version = 1
  inputs-digest = "34654eb1a98d27124464dcac1d8954ca57c9b348a6d32aecdd8f32def0c274a5"
  solver-name = "gps-cdcl"
  solver-version = 1
